{
  "version": 4,
  "terraform_version": "1.14.3",
  "serial": 10,
  "lineage": "da066bbc-029b-0376-fb2d-1b7a9a710535",
  "outputs": {},
  "resources": [
    {
      "mode": "data",
      "type": "aws_iam_role",
      "name": "execution_role",
      "provider": "provider[\"registry.terraform.io/hashicorp/aws\"]",
      "instances": [
        {
          "schema_version": 0,
          "attributes": {
            "arn": "arn:aws:iam::073184925698:role/service-role/ecsTaskExecutionRole",
            "assume_role_policy": "{\"Version\":\"2012-10-17\",\"Statement\":[{\"Effect\":\"Allow\",\"Principal\":{\"Service\":\"ecs-tasks.amazonaws.com\"},\"Action\":\"sts:AssumeRole\",\"Condition\":{\"StringEquals\":{\"aws:SourceAccount\":\"073184925698\"},\"ArnEquals\":{\"aws:SourceArn\":\"arn:aws:ecs:*:073184925698:*\"}}}]}",
            "create_date": "2025-12-03T11:01:52Z",
            "description": "Allows access to other AWS service resources that are required to run Amazon ECS tasks.",
            "id": "ecsTaskExecutionRole",
            "max_session_duration": 3600,
            "name": "ecsTaskExecutionRole",
            "path": "/service-role/",
            "permissions_boundary": "",
            "role_last_used": [
              {
                "last_used_date": "2025-12-24T21:50:31Z",
                "region": "eu-west-3"
              }
            ],
            "tags": {},
            "unique_id": "AROARCCRJLABEFVFFPB6V"
          },
          "sensitive_attributes": [],
          "identity_schema_version": 0
        }
      ]
    },
    {
      "mode": "data",
      "type": "aws_vpc",
      "name": "default",
      "provider": "provider[\"registry.terraform.io/hashicorp/aws\"]",
      "instances": [
        {
          "schema_version": 0,
          "attributes": {
            "arn": "arn:aws:ec2:eu-west-3:073184925698:vpc/vpc-075b56ea59ef33371",
            "cidr_block": "172.31.0.0/16",
            "cidr_block_associations": [
              {
                "association_id": "vpc-cidr-assoc-0a33a3de70a13d3e1",
                "cidr_block": "172.31.0.0/16",
                "state": "associated"
              }
            ],
            "default": true,
            "dhcp_options_id": "dopt-0dad7b70cc1e5e8ad",
            "enable_dns_hostnames": true,
            "enable_dns_support": true,
            "enable_network_address_usage_metrics": false,
            "filter": null,
            "id": "vpc-075b56ea59ef33371",
            "instance_tenancy": "default",
            "ipv6_association_id": "",
            "ipv6_cidr_block": "",
            "main_route_table_id": "rtb-01a4b4c4308759516",
            "owner_id": "073184925698",
            "region": "eu-west-3",
            "state": null,
            "tags": {},
            "timeouts": null
          },
          "sensitive_attributes": [],
          "identity_schema_version": 0
        }
      ]
    },
    {
      "mode": "managed",
      "type": "aws_cloudwatch_log_group",
      "name": "ecs_logs",
      "provider": "provider[\"registry.terraform.io/hashicorp/aws\"]",
      "instances": [
        {
          "schema_version": 0,
          "attributes": {
            "arn": "arn:aws:logs:eu-west-3:073184925698:log-group:/ecs/g2-mg02-news-reco-task",
            "deletion_protection_enabled": false,
            "id": "/ecs/g2-mg02-news-reco-task",
            "kms_key_id": "",
            "log_group_class": "STANDARD",
            "name": "/ecs/g2-mg02-news-reco-task",
            "name_prefix": "",
            "region": "eu-west-3",
            "retention_in_days": 1,
            "skip_destroy": false,
            "tags": {},
            "tags_all": {}
          },
          "sensitive_attributes": [],
          "identity_schema_version": 0,
          "identity": {
            "account_id": "073184925698",
            "name": "/ecs/g2-mg02-news-reco-task",
            "region": "eu-west-3"
          },
          "private": "bnVsbA=="
        }
      ]
    },
    {
      "mode": "managed",
      "type": "aws_ecs_cluster",
      "name": "main",
      "provider": "provider[\"registry.terraform.io/hashicorp/aws\"]",
      "instances": [
        {
          "schema_version": 0,
          "attributes": {
            "arn": "arn:aws:ecs:eu-west-3:073184925698:cluster/g2-mg02-news-reco-cluster",
            "configuration": [],
            "id": "arn:aws:ecs:eu-west-3:073184925698:cluster/g2-mg02-news-reco-cluster",
            "name": "g2-mg02-news-reco-cluster",
            "region": "eu-west-3",
            "service_connect_defaults": [],
            "setting": [
              {
                "name": "containerInsights",
                "value": "disabled"
              }
            ],
            "tags": {},
            "tags_all": {}
          },
          "sensitive_attributes": [],
          "identity_schema_version": 0,
          "private": "bnVsbA=="
        }
      ]
    },
    {
      "mode": "managed",
      "type": "aws_ecs_service",
      "name": "app_service",
      "provider": "provider[\"registry.terraform.io/hashicorp/aws\"]",
      "instances": [
        {
          "schema_version": 1,
          "attributes": {
            "alarms": [],
            "arn": "arn:aws:ecs:eu-west-3:073184925698:service/g2-mg02-news-reco-cluster/g2-mg02-news-reco-task-service-nyvdt5tq",
            "availability_zone_rebalancing": "ENABLED",
            "capacity_provider_strategy": [],
            "cluster": "arn:aws:ecs:eu-west-3:073184925698:cluster/g2-mg02-news-reco-cluster",
            "deployment_circuit_breaker": [
              {
                "enable": false,
                "rollback": false
              }
            ],
            "deployment_configuration": [
              {
                "bake_time_in_minutes": "0",
                "canary_configuration": [],
                "lifecycle_hook": [],
                "linear_configuration": [],
                "strategy": "ROLLING"
              }
            ],
            "deployment_controller": [
              {
                "type": "ECS"
              }
            ],
            "deployment_maximum_percent": 200,
            "deployment_minimum_healthy_percent": 100,
            "desired_count": 1,
            "enable_ecs_managed_tags": false,
            "enable_execute_command": false,
            "force_delete": null,
            "force_new_deployment": null,
            "health_check_grace_period_seconds": 0,
            "iam_role": "/aws-service-role/ecs.amazonaws.com/AWSServiceRoleForECS",
            "id": "arn:aws:ecs:eu-west-3:073184925698:service/g2-mg02-news-reco-cluster/g2-mg02-news-reco-task-service-nyvdt5tq",
            "launch_type": "FARGATE",
            "load_balancer": [],
            "name": "g2-mg02-news-reco-task-service-nyvdt5tq",
            "network_configuration": [
              {
                "assign_public_ip": true,
                "security_groups": [
                  "sg-018ded182589043c3"
                ],
                "subnets": [
                  "subnet-03ac2adb51071d022",
                  "subnet-04274dee3c914f032",
                  "subnet-04ac053b02c2936d8"
                ]
              }
            ],
            "ordered_placement_strategy": [],
            "placement_constraints": [],
            "platform_version": "LATEST",
            "propagate_tags": "NONE",
            "region": "eu-west-3",
            "scheduling_strategy": "REPLICA",
            "service_connect_configuration": [],
            "service_registries": [],
            "sigint_rollback": null,
            "tags": null,
            "tags_all": {},
            "task_definition": "arn:aws:ecs:eu-west-3:073184925698:task-definition/g2-mg02-news-reco-task:2",
            "timeouts": null,
            "triggers": {},
            "volume_configuration": [],
            "vpc_lattice_configurations": [],
            "wait_for_steady_state": false
          },
          "sensitive_attributes": [],
          "identity_schema_version": 0,
          "private": "eyJlMmJmYjczMC1lY2FhLTExZTYtOGY4OC0zNDM2M2JjN2M0YzAiOnsiY3JlYXRlIjoxMjAwMDAwMDAwMDAwLCJkZWxldGUiOjEyMDAwMDAwMDAwMDAsInVwZGF0ZSI6MTIwMDAwMDAwMDAwMH0sInNjaGVtYV92ZXJzaW9uIjoiMSJ9",
          "dependencies": [
            "aws_cloudwatch_log_group.ecs_logs",
            "aws_ecs_cluster.main",
            "aws_ecs_task_definition.app",
            "aws_security_group.app_sg",
            "data.aws_iam_role.execution_role",
            "data.aws_vpc.default"
          ]
        }
      ]
    },
    {
      "mode": "managed",
      "type": "aws_ecs_task_definition",
      "name": "app",
      "provider": "provider[\"registry.terraform.io/hashicorp/aws\"]",
      "instances": [
        {
          "schema_version": 1,
          "attributes": {
            "arn": "arn:aws:ecs:eu-west-3:073184925698:task-definition/g2-mg02-news-reco-task:2",
            "arn_without_revision": "arn:aws:ecs:eu-west-3:073184925698:task-definition/g2-mg02-news-reco-task",
            "container_definitions": "[{\"dependsOn\":[{\"condition\":\"START\",\"containerName\":\"g2-mg02-ml-container\"}],\"environment\":[{\"name\":\"MODEL_HOST\",\"value\":\"localhost\"},{\"name\":\"MODEL_PORT\",\"value\":\"9000\"},{\"name\":\"SUPABASE_KEY\",\"value\":\"eyJhbGciOiJIUzI1NiIsInR5cCI6IkpXVCJ9.eyJpc3MiOiJzdXBhYmFzZSIsInJlZiI6ImZuamFpc2ptdHlrb2xub2p0YWZ5Iiwicm9sZSI6InNlcnZpY2Vfcm9sZSIsImlhdCI6MTc2MzIyNDUyOSwiZXhwIjoyMDc4ODAwNTI5fQ.uPTugqsELADLJvZ0dHaUrhvS2SK48FJJxBlgsJ8_9qo\"},{\"name\":\"SUPABASE_URL\",\"value\":\"https://fnjaisjmtykolnojtafy.supabase.co\"}],\"essential\":true,\"image\":\"073184925698.dkr.ecr.eu-west-3.amazonaws.com/g2-mg02-news-reco-api:latest\",\"logConfiguration\":{\"logDriver\":\"awslogs\",\"options\":{\"awslogs-group\":\"/ecs/g2-mg02-news-reco-task\",\"awslogs-create-group\":\"true\",\"awslogs-region\":\"eu-west-3\",\"awslogs-stream-prefix\":\"ecs\"}},\"mountPoints\":[],\"name\":\"g2-mg02-api-container\",\"portMappings\":[{\"containerPort\":8000,\"hostPort\":8000,\"protocol\":\"tcp\"}],\"systemControls\":[],\"volumesFrom\":[]},{\"dependsOn\":[{\"condition\":\"START\",\"containerName\":\"g2-mg02-api-container\"}],\"environment\":[{\"name\":\"API_HOST\",\"value\":\"localhost\"},{\"name\":\"API_PORT\",\"value\":\"8000\"},{\"name\":\"MODEL_HOST\",\"value\":\"localhost\"},{\"name\":\"MODEL_PORT\",\"value\":\"9000\"}],\"essential\":true,\"image\":\"073184925698.dkr.ecr.eu-west-3.amazonaws.com/g2-mg02-news-reco-frontend:latest\",\"logConfiguration\":{\"logDriver\":\"awslogs\",\"options\":{\"awslogs-stream-prefix\":\"ecs\",\"awslogs-group\":\"/ecs/g2-mg02-news-reco-task\",\"awslogs-create-group\":\"true\",\"awslogs-region\":\"eu-west-3\"}},\"mountPoints\":[],\"name\":\"g2-mg02-frontend-container\",\"portMappings\":[{\"containerPort\":8501,\"hostPort\":8501,\"protocol\":\"tcp\"}],\"systemControls\":[],\"volumesFrom\":[]},{\"environment\":[],\"essential\":true,\"image\":\"073184925698.dkr.ecr.eu-west-3.amazonaws.com/g2-mg02-news-reco-ml:latest\",\"logConfiguration\":{\"logDriver\":\"awslogs\",\"options\":{\"awslogs-create-group\":\"true\",\"awslogs-region\":\"eu-west-3\",\"awslogs-stream-prefix\":\"ecs\",\"awslogs-group\":\"/ecs/g2-mg02-news-reco-task\"}},\"mountPoints\":[],\"name\":\"g2-mg02-ml-container\",\"portMappings\":[{\"containerPort\":9000,\"hostPort\":9000,\"protocol\":\"tcp\"}],\"systemControls\":[],\"volumesFrom\":[]}]",
            "cpu": "1024",
            "enable_fault_injection": false,
            "ephemeral_storage": [],
            "execution_role_arn": "arn:aws:iam::073184925698:role/service-role/ecsTaskExecutionRole",
            "family": "g2-mg02-news-reco-task",
            "id": "g2-mg02-news-reco-task",
            "ipc_mode": "",
            "memory": "5120",
            "network_mode": "awsvpc",
            "pid_mode": "",
            "placement_constraints": [],
            "proxy_configuration": [],
            "region": "eu-west-3",
            "requires_compatibilities": [
              "FARGATE"
            ],
            "revision": 2,
            "runtime_platform": [],
            "skip_destroy": false,
            "tags": {},
            "tags_all": {},
            "task_role_arn": "arn:aws:iam::073184925698:role/service-role/ecsTaskExecutionRole",
            "track_latest": false,
            "volume": []
          },
          "sensitive_attributes": [],
          "identity_schema_version": 0,
          "private": "eyJzY2hlbWFfdmVyc2lvbiI6IjEifQ==",
          "dependencies": [
            "aws_cloudwatch_log_group.ecs_logs",
            "data.aws_iam_role.execution_role"
          ]
        }
      ]
    },
    {
      "mode": "managed",
      "type": "aws_security_group",
      "name": "app_sg",
      "provider": "provider[\"registry.terraform.io/hashicorp/aws\"]",
      "instances": [
        {
          "schema_version": 1,
          "attributes": {
            "arn": "arn:aws:ec2:eu-west-3:073184925698:security-group/sg-018ded182589043c3",
            "description": "Security Group managed by Terraform for ECS",
            "egress": [
              {
                "cidr_blocks": [
                  "0.0.0.0/0"
                ],
                "description": "",
                "from_port": 0,
                "ipv6_cidr_blocks": [],
                "prefix_list_ids": [],
                "protocol": "-1",
                "security_groups": [],
                "self": false,
                "to_port": 0
              }
            ],
            "id": "sg-018ded182589043c3",
            "ingress": [
              {
                "cidr_blocks": [
                  "0.0.0.0/0"
                ],
                "description": "",
                "from_port": 8000,
                "ipv6_cidr_blocks": [],
                "prefix_list_ids": [],
                "protocol": "tcp",
                "security_groups": [],
                "self": false,
                "to_port": 8000
              },
              {
                "cidr_blocks": [
                  "0.0.0.0/0"
                ],
                "description": "",
                "from_port": 8501,
                "ipv6_cidr_blocks": [],
                "prefix_list_ids": [],
                "protocol": "tcp",
                "security_groups": [],
                "self": false,
                "to_port": 8501
              }
            ],
            "name": "g2-mg02-news-reco-sg-tf",
            "name_prefix": "",
            "owner_id": "073184925698",
            "region": "eu-west-3",
            "revoke_rules_on_delete": false,
            "tags": null,
            "tags_all": {},
            "timeouts": null,
            "vpc_id": "vpc-075b56ea59ef33371"
          },
          "sensitive_attributes": [],
          "identity_schema_version": 0,
          "identity": {
            "account_id": "073184925698",
            "id": "sg-018ded182589043c3",
            "region": "eu-west-3"
          },
          "private": "eyJlMmJmYjczMC1lY2FhLTExZTYtOGY4OC0zNDM2M2JjN2M0YzAiOnsiY3JlYXRlIjo2MDAwMDAwMDAwMDAsImRlbGV0ZSI6OTAwMDAwMDAwMDAwfSwic2NoZW1hX3ZlcnNpb24iOiIxIn0=",
          "dependencies": [
            "data.aws_vpc.default"
          ]
        }
      ]
    }
  ],
  "check_results": null
}
